
Microsoft Visual Studio Solution File, Format Version 12.00
# Visual Studio Version 17
VisualStudioVersion = 17.8.34330.188
MinimumVisualStudioVersion = 10.0.40219.1
Project("{9A19103F-16F7-4668-BE54-9A1E7A4F7556}") = "Uri_1001", "Uri_1001\Uri_1001.csproj", "{9A6F9824-3215-4D55-BE60-EF715E56F3E3}"
EndProject
Project("{9A19103F-16F7-4668-BE54-9A1E7A4F7556}") = "Uri_1002", "Uri_1002\Uri_1002.csproj", "{71825DC4-269F-47AD-901D-8D425F6B40D4}"
EndProject
Project("{9A19103F-16F7-4668-BE54-9A1E7A4F7556}") = "Uri_1003", "Uri_1003\Uri_1003.csproj", "{42ED5A4B-1653-4AB1-B9BF-4DE661C750E9}"
EndProject
Project("{9A19103F-16F7-4668-BE54-9A1E7A4F7556}") = "Uri_1004", "Uri_1004\Uri_1004.csproj", "{24830D1A-9BAE-4C57-8AD6-055B9676DC65}"
EndProject
Project("{9A19103F-16F7-4668-BE54-9A1E7A4F7556}") = "Uri_1005", "Uri_1005\Uri_1005.csproj", "{DF538FEB-0628-4651-BF54-55A7AC1EB1B0}"
EndProject
Project("{9A19103F-16F7-4668-BE54-9A1E7A4F7556}") = "Uri_1006", "Uri_1006\Uri_1006.csproj", "{D1B88699-CDDD-4177-AC0B-94CEDC426CD2}"
EndProject
Project("{9A19103F-16F7-4668-BE54-9A1E7A4F7556}") = "Uri_1007", "Uri_1007\Uri_1007.csproj", "{20461341-DA45-4FD4-BED2-D0FFEFA30D72}"
EndProject
Project("{9A19103F-16F7-4668-BE54-9A1E7A4F7556}") = "Uri_1008", "Uri_1008\Uri_1008.csproj", "{7D1F656D-EF78-4485-81FA-7461C64FE153}"
EndProject
Project("{9A19103F-16F7-4668-BE54-9A1E7A4F7556}") = "Uri_1010", "Uri_1010\Uri_1010.csproj", "{29408F70-11E3-4B05-B42E-0EFE47BE7D25}"
EndProject
Project("{9A19103F-16F7-4668-BE54-9A1E7A4F7556}") = "Uri_1014", "Uri_1014\Uri_1014.csproj", "{E2E789C3-2B93-4296-B364-1448368C5D6F}"
EndProject
Project("{9A19103F-16F7-4668-BE54-9A1E7A4F7556}") = "Uri_1016", "Uri_1016\Uri_1016.csproj", "{25BDBD1F-2EB7-4759-B299-78B5E3BD20D2}"
EndProject
Project("{9A19103F-16F7-4668-BE54-9A1E7A4F7556}") = "Uri_1017", "Uri_1017\Uri_1017.csproj", "{9E3ABCE4-7454-41B9-9DD3-C58D886E7BA9}"
EndProject
Project("{9A19103F-16F7-4668-BE54-9A1E7A4F7556}") = "Uri_1009", "Uri_1009\Uri_1009.csproj", "{D1AB8323-5E6C-4B5E-A2A9-5CED21C190B0}"
EndProject
Project("{9A19103F-16F7-4668-BE54-9A1E7A4F7556}") = "Uri_1011", "Uri_1011\Uri_1011.csproj", "{FB460397-C630-457A-95D9-0E7A5CCC0643}"
EndProject
Project("{9A19103F-16F7-4668-BE54-9A1E7A4F7556}") = "Uri_1012", "Uri_1012\Uri_1012.csproj", "{4B577451-CF1A-41C6-8400-EDAB40CCD5A3}"
EndProject
Project("{9A19103F-16F7-4668-BE54-9A1E7A4F7556}") = "Uri_1015", "Uri_1015\Uri_1015.csproj", "{D4D2AD08-FFFC-429F-A494-3044471E5CDC}"
EndProject
Project("{9A19103F-16F7-4668-BE54-9A1E7A4F7556}") = "Uri_1018", "Uri_1018\Uri_1018.csproj", "{69B74CA4-C04E-45B0-BFC2-B5139BB75947}"
EndProject
Project("{9A19103F-16F7-4668-BE54-9A1E7A4F7556}") = "Uri_1020", "Uri_1020\Uri_1020.csproj", "{F0302B36-B58E-4823-A427-BBA0B2D3C4A1}"
EndProject
Project("{9A19103F-16F7-4668-BE54-9A1E7A4F7556}") = "Uri_1035", "Uri_1035\Uri_1035.csproj", "{1E86CEA1-11E5-4E6B-AE42-630EA42B17C4}"
EndProject
Project("{9A19103F-16F7-4668-BE54-9A1E7A4F7556}") = "Uri_1038", "Uri_1038\Uri_1038.csproj", "{F24BD9D6-BE10-4872-834E-723164E6A682}"
EndProject
Project("{9A19103F-16F7-4668-BE54-9A1E7A4F7556}") = "Uri_1044", "Uri_1044\Uri_1044.csproj", "{41F4D054-CE0E-45A4-8E03-E4847FFA5A63}"
EndProject
Project("{9A19103F-16F7-4668-BE54-9A1E7A4F7556}") = "Uri_1046", "Uri_1046\Uri_1046.csproj", "{7782C92E-24EF-4D34-B366-BC6806F9B8CF}"
EndProject
Project("{9A19103F-16F7-4668-BE54-9A1E7A4F7556}") = "Uri_1048", "Uri_1048\Uri_1048.csproj", "{637A7156-DDE3-44CA-85A4-81A6229C5CE0}"
EndProject
Project("{9A19103F-16F7-4668-BE54-9A1E7A4F7556}") = "Uri_1114", "Uri_1114\Uri_1114.csproj", "{BB95EC82-07F0-4AE3-B923-80EDC840D043}"
EndProject
Project("{9A19103F-16F7-4668-BE54-9A1E7A4F7556}") = "Uri_1115", "Uri_1115\Uri_1115.csproj", "{318FACDC-C5B2-4BC0-9BB5-C278B9867E0E}"
EndProject
Global
	GlobalSection(SolutionConfigurationPlatforms) = preSolution
		Debug|Any CPU = Debug|Any CPU
		Release|Any CPU = Release|Any CPU
	EndGlobalSection
	GlobalSection(ProjectConfigurationPlatforms) = postSolution
		{9A6F9824-3215-4D55-BE60-EF715E56F3E3}.Debug|Any CPU.ActiveCfg = Debug|Any CPU
		{9A6F9824-3215-4D55-BE60-EF715E56F3E3}.Debug|Any CPU.Build.0 = Debug|Any CPU
		{9A6F9824-3215-4D55-BE60-EF715E56F3E3}.Release|Any CPU.ActiveCfg = Release|Any CPU
		{9A6F9824-3215-4D55-BE60-EF715E56F3E3}.Release|Any CPU.Build.0 = Release|Any CPU
		{71825DC4-269F-47AD-901D-8D425F6B40D4}.Debug|Any CPU.ActiveCfg = Debug|Any CPU
		{71825DC4-269F-47AD-901D-8D425F6B40D4}.Debug|Any CPU.Build.0 = Debug|Any CPU
		{71825DC4-269F-47AD-901D-8D425F6B40D4}.Release|Any CPU.ActiveCfg = Release|Any CPU
		{71825DC4-269F-47AD-901D-8D425F6B40D4}.Release|Any CPU.Build.0 = Release|Any CPU
		{42ED5A4B-1653-4AB1-B9BF-4DE661C750E9}.Debug|Any CPU.ActiveCfg = Debug|Any CPU
		{42ED5A4B-1653-4AB1-B9BF-4DE661C750E9}.Debug|Any CPU.Build.0 = Debug|Any CPU
		{42ED5A4B-1653-4AB1-B9BF-4DE661C750E9}.Release|Any CPU.ActiveCfg = Release|Any CPU
		{42ED5A4B-1653-4AB1-B9BF-4DE661C750E9}.Release|Any CPU.Build.0 = Release|Any CPU
		{24830D1A-9BAE-4C57-8AD6-055B9676DC65}.Debug|Any CPU.ActiveCfg = Debug|Any CPU
		{24830D1A-9BAE-4C57-8AD6-055B9676DC65}.Debug|Any CPU.Build.0 = Debug|Any CPU
		{24830D1A-9BAE-4C57-8AD6-055B9676DC65}.Release|Any CPU.ActiveCfg = Release|Any CPU
		{24830D1A-9BAE-4C57-8AD6-055B9676DC65}.Release|Any CPU.Build.0 = Release|Any CPU
		{DF538FEB-0628-4651-BF54-55A7AC1EB1B0}.Debug|Any CPU.ActiveCfg = Debug|Any CPU
		{DF538FEB-0628-4651-BF54-55A7AC1EB1B0}.Debug|Any CPU.Build.0 = Debug|Any CPU
		{DF538FEB-0628-4651-BF54-55A7AC1EB1B0}.Release|Any CPU.ActiveCfg = Release|Any CPU
		{DF538FEB-0628-4651-BF54-55A7AC1EB1B0}.Release|Any CPU.Build.0 = Release|Any CPU
		{D1B88699-CDDD-4177-AC0B-94CEDC426CD2}.Debug|Any CPU.ActiveCfg = Debug|Any CPU
		{D1B88699-CDDD-4177-AC0B-94CEDC426CD2}.Debug|Any CPU.Build.0 = Debug|Any CPU
		{D1B88699-CDDD-4177-AC0B-94CEDC426CD2}.Release|Any CPU.ActiveCfg = Release|Any CPU
		{D1B88699-CDDD-4177-AC0B-94CEDC426CD2}.Release|Any CPU.Build.0 = Release|Any CPU
		{20461341-DA45-4FD4-BED2-D0FFEFA30D72}.Debug|Any CPU.ActiveCfg = Debug|Any CPU
		{20461341-DA45-4FD4-BED2-D0FFEFA30D72}.Debug|Any CPU.Build.0 = Debug|Any CPU
		{20461341-DA45-4FD4-BED2-D0FFEFA30D72}.Release|Any CPU.ActiveCfg = Release|Any CPU
		{20461341-DA45-4FD4-BED2-D0FFEFA30D72}.Release|Any CPU.Build.0 = Release|Any CPU
		{7D1F656D-EF78-4485-81FA-7461C64FE153}.Debug|Any CPU.ActiveCfg = Debug|Any CPU
		{7D1F656D-EF78-4485-81FA-7461C64FE153}.Debug|Any CPU.Build.0 = Debug|Any CPU
		{7D1F656D-EF78-4485-81FA-7461C64FE153}.Release|Any CPU.ActiveCfg = Release|Any CPU
		{7D1F656D-EF78-4485-81FA-7461C64FE153}.Release|Any CPU.Build.0 = Release|Any CPU
		{29408F70-11E3-4B05-B42E-0EFE47BE7D25}.Debug|Any CPU.ActiveCfg = Debug|Any CPU
		{29408F70-11E3-4B05-B42E-0EFE47BE7D25}.Debug|Any CPU.Build.0 = Debug|Any CPU
		{29408F70-11E3-4B05-B42E-0EFE47BE7D25}.Release|Any CPU.ActiveCfg = Release|Any CPU
		{29408F70-11E3-4B05-B42E-0EFE47BE7D25}.Release|Any CPU.Build.0 = Release|Any CPU
		{E2E789C3-2B93-4296-B364-1448368C5D6F}.Debug|Any CPU.ActiveCfg = Debug|Any CPU
		{E2E789C3-2B93-4296-B364-1448368C5D6F}.Debug|Any CPU.Build.0 = Debug|Any CPU
		{E2E789C3-2B93-4296-B364-1448368C5D6F}.Release|Any CPU.ActiveCfg = Release|Any CPU
		{E2E789C3-2B93-4296-B364-1448368C5D6F}.Release|Any CPU.Build.0 = Release|Any CPU
		{25BDBD1F-2EB7-4759-B299-78B5E3BD20D2}.Debug|Any CPU.ActiveCfg = Debug|Any CPU
		{25BDBD1F-2EB7-4759-B299-78B5E3BD20D2}.Debug|Any CPU.Build.0 = Debug|Any CPU
		{25BDBD1F-2EB7-4759-B299-78B5E3BD20D2}.Release|Any CPU.ActiveCfg = Release|Any CPU
		{25BDBD1F-2EB7-4759-B299-78B5E3BD20D2}.Release|Any CPU.Build.0 = Release|Any CPU
		{9E3ABCE4-7454-41B9-9DD3-C58D886E7BA9}.Debug|Any CPU.ActiveCfg = Debug|Any CPU
		{9E3ABCE4-7454-41B9-9DD3-C58D886E7BA9}.Debug|Any CPU.Build.0 = Debug|Any CPU
		{9E3ABCE4-7454-41B9-9DD3-C58D886E7BA9}.Release|Any CPU.ActiveCfg = Release|Any CPU
		{9E3ABCE4-7454-41B9-9DD3-C58D886E7BA9}.Release|Any CPU.Build.0 = Release|Any CPU
		{D1AB8323-5E6C-4B5E-A2A9-5CED21C190B0}.Debug|Any CPU.ActiveCfg = Debug|Any CPU
		{D1AB8323-5E6C-4B5E-A2A9-5CED21C190B0}.Debug|Any CPU.Build.0 = Debug|Any CPU
		{D1AB8323-5E6C-4B5E-A2A9-5CED21C190B0}.Release|Any CPU.ActiveCfg = Release|Any CPU
		{D1AB8323-5E6C-4B5E-A2A9-5CED21C190B0}.Release|Any CPU.Build.0 = Release|Any CPU
		{FB460397-C630-457A-95D9-0E7A5CCC0643}.Debug|Any CPU.ActiveCfg = Debug|Any CPU
		{FB460397-C630-457A-95D9-0E7A5CCC0643}.Debug|Any CPU.Build.0 = Debug|Any CPU
		{FB460397-C630-457A-95D9-0E7A5CCC0643}.Release|Any CPU.ActiveCfg = Release|Any CPU
		{FB460397-C630-457A-95D9-0E7A5CCC0643}.Release|Any CPU.Build.0 = Release|Any CPU
		{4B577451-CF1A-41C6-8400-EDAB40CCD5A3}.Debug|Any CPU.ActiveCfg = Debug|Any CPU
		{4B577451-CF1A-41C6-8400-EDAB40CCD5A3}.Debug|Any CPU.Build.0 = Debug|Any CPU
		{4B577451-CF1A-41C6-8400-EDAB40CCD5A3}.Release|Any CPU.ActiveCfg = Release|Any CPU
		{4B577451-CF1A-41C6-8400-EDAB40CCD5A3}.Release|Any CPU.Build.0 = Release|Any CPU
		{D4D2AD08-FFFC-429F-A494-3044471E5CDC}.Debug|Any CPU.ActiveCfg = Debug|Any CPU
		{D4D2AD08-FFFC-429F-A494-3044471E5CDC}.Debug|Any CPU.Build.0 = Debug|Any CPU
		{D4D2AD08-FFFC-429F-A494-3044471E5CDC}.Release|Any CPU.ActiveCfg = Release|Any CPU
		{D4D2AD08-FFFC-429F-A494-3044471E5CDC}.Release|Any CPU.Build.0 = Release|Any CPU
		{69B74CA4-C04E-45B0-BFC2-B5139BB75947}.Debug|Any CPU.ActiveCfg = Debug|Any CPU
		{69B74CA4-C04E-45B0-BFC2-B5139BB75947}.Debug|Any CPU.Build.0 = Debug|Any CPU
		{69B74CA4-C04E-45B0-BFC2-B5139BB75947}.Release|Any CPU.ActiveCfg = Release|Any CPU
		{69B74CA4-C04E-45B0-BFC2-B5139BB75947}.Release|Any CPU.Build.0 = Release|Any CPU
		{F0302B36-B58E-4823-A427-BBA0B2D3C4A1}.Debug|Any CPU.ActiveCfg = Debug|Any CPU
		{F0302B36-B58E-4823-A427-BBA0B2D3C4A1}.Debug|Any CPU.Build.0 = Debug|Any CPU
		{F0302B36-B58E-4823-A427-BBA0B2D3C4A1}.Release|Any CPU.ActiveCfg = Release|Any CPU
		{F0302B36-B58E-4823-A427-BBA0B2D3C4A1}.Release|Any CPU.Build.0 = Release|Any CPU
		{1E86CEA1-11E5-4E6B-AE42-630EA42B17C4}.Debug|Any CPU.ActiveCfg = Debug|Any CPU
		{1E86CEA1-11E5-4E6B-AE42-630EA42B17C4}.Debug|Any CPU.Build.0 = Debug|Any CPU
		{1E86CEA1-11E5-4E6B-AE42-630EA42B17C4}.Release|Any CPU.ActiveCfg = Release|Any CPU
		{1E86CEA1-11E5-4E6B-AE42-630EA42B17C4}.Release|Any CPU.Build.0 = Release|Any CPU
		{F24BD9D6-BE10-4872-834E-723164E6A682}.Debug|Any CPU.ActiveCfg = Debug|Any CPU
		{F24BD9D6-BE10-4872-834E-723164E6A682}.Debug|Any CPU.Build.0 = Debug|Any CPU
		{F24BD9D6-BE10-4872-834E-723164E6A682}.Release|Any CPU.ActiveCfg = Release|Any CPU
		{F24BD9D6-BE10-4872-834E-723164E6A682}.Release|Any CPU.Build.0 = Release|Any CPU
		{41F4D054-CE0E-45A4-8E03-E4847FFA5A63}.Debug|Any CPU.ActiveCfg = Debug|Any CPU
		{41F4D054-CE0E-45A4-8E03-E4847FFA5A63}.Debug|Any CPU.Build.0 = Debug|Any CPU
		{41F4D054-CE0E-45A4-8E03-E4847FFA5A63}.Release|Any CPU.ActiveCfg = Release|Any CPU
		{41F4D054-CE0E-45A4-8E03-E4847FFA5A63}.Release|Any CPU.Build.0 = Release|Any CPU
		{7782C92E-24EF-4D34-B366-BC6806F9B8CF}.Debug|Any CPU.ActiveCfg = Debug|Any CPU
		{7782C92E-24EF-4D34-B366-BC6806F9B8CF}.Debug|Any CPU.Build.0 = Debug|Any CPU
		{7782C92E-24EF-4D34-B366-BC6806F9B8CF}.Release|Any CPU.ActiveCfg = Release|Any CPU
		{7782C92E-24EF-4D34-B366-BC6806F9B8CF}.Release|Any CPU.Build.0 = Release|Any CPU
		{637A7156-DDE3-44CA-85A4-81A6229C5CE0}.Debug|Any CPU.ActiveCfg = Debug|Any CPU
		{637A7156-DDE3-44CA-85A4-81A6229C5CE0}.Debug|Any CPU.Build.0 = Debug|Any CPU
		{637A7156-DDE3-44CA-85A4-81A6229C5CE0}.Release|Any CPU.ActiveCfg = Release|Any CPU
		{637A7156-DDE3-44CA-85A4-81A6229C5CE0}.Release|Any CPU.Build.0 = Release|Any CPU
		{BB95EC82-07F0-4AE3-B923-80EDC840D043}.Debug|Any CPU.ActiveCfg = Debug|Any CPU
		{BB95EC82-07F0-4AE3-B923-80EDC840D043}.Debug|Any CPU.Build.0 = Debug|Any CPU
		{BB95EC82-07F0-4AE3-B923-80EDC840D043}.Release|Any CPU.ActiveCfg = Release|Any CPU
		{BB95EC82-07F0-4AE3-B923-80EDC840D043}.Release|Any CPU.Build.0 = Release|Any CPU
		{318FACDC-C5B2-4BC0-9BB5-C278B9867E0E}.Debug|Any CPU.ActiveCfg = Debug|Any CPU
		{318FACDC-C5B2-4BC0-9BB5-C278B9867E0E}.Debug|Any CPU.Build.0 = Debug|Any CPU
		{318FACDC-C5B2-4BC0-9BB5-C278B9867E0E}.Release|Any CPU.ActiveCfg = Release|Any CPU
		{318FACDC-C5B2-4BC0-9BB5-C278B9867E0E}.Release|Any CPU.Build.0 = Release|Any CPU
	EndGlobalSection
	GlobalSection(SolutionProperties) = preSolution
		HideSolutionNode = FALSE
	EndGlobalSection
	GlobalSection(ExtensibilityGlobals) = postSolution
		SolutionGuid = {240BAB41-2CD2-4C10-8B58-F4F7A2C45E1C}
	EndGlobalSection
EndGlobal
